
Microsoft Visual Studio Solution File, Format Version 12.00
# Visual Studio 15
VisualStudioVersion = 15.0.26730.16
MinimumVisualStudioVersion = 10.0.40219.1
Project("{FAE04EC0-301F-11D3-BF4B-00C04F79EFBC}") = "HW 5", "HW 5\HW 5.csproj", "{D207BFCD-6441-434D-A7A8-C7D7C2868623}"
EndProject
Global
	GlobalSection(SolutionConfigurationPlatforms) = preSolution
		Debug|Any CPU = Debug|Any CPU
		Release|Any CPU = Release|Any CPU
	EndGlobalSection
	GlobalSection(ProjectConfigurationPlatforms) = postSolution
		{D207BFCD-6441-434D-A7A8-C7D7C2868623}.Debug|Any CPU.ActiveCfg = Debug|Any CPU
		{D207BFCD-6441-434D-A7A8-C7D7C2868623}.Debug|Any CPU.Build.0 = Debug|Any CPU
		{D207BFCD-6441-434D-A7A8-C7D7C2868623}.Release|Any CPU.ActiveCfg = Release|Any CPU
		{D207BFCD-6441-434D-A7A8-C7D7C2868623}.Release|Any CPU.Build.0 = Release|Any CPU
	EndGlobalSection
	GlobalSection(SolutionProperties) = preSolution
		HideSolutionNode = FALSE
	EndGlobalSection
	GlobalSection(ExtensibilityGlobals) = postSolution
		SolutionGuid = {F1651B07-6534-4769-B1F2-06098FD2E2FC}
	EndGlobalSection
EndGlobal
