
Microsoft Visual Studio Solution File, Format Version 12.00
# Visual Studio 15
VisualStudioVersion = 15.0.26730.16
MinimumVisualStudioVersion = 10.0.40219.1
Project("{FAE04EC0-301F-11D3-BF4B-00C04F79EFBC}") = "HW_4", "HW_4\HW_4.csproj", "{E6FF791B-181F-44A7-8EBE-B30A5C32D983}"
EndProject
Global
	GlobalSection(SolutionConfigurationPlatforms) = preSolution
		Debug|Any CPU = Debug|Any CPU
		Release|Any CPU = Release|Any CPU
	EndGlobalSection
	GlobalSection(ProjectConfigurationPlatforms) = postSolution
		{E6FF791B-181F-44A7-8EBE-B30A5C32D983}.Debug|Any CPU.ActiveCfg = Debug|Any CPU
		{E6FF791B-181F-44A7-8EBE-B30A5C32D983}.Debug|Any CPU.Build.0 = Debug|Any CPU
		{E6FF791B-181F-44A7-8EBE-B30A5C32D983}.Release|Any CPU.ActiveCfg = Release|Any CPU
		{E6FF791B-181F-44A7-8EBE-B30A5C32D983}.Release|Any CPU.Build.0 = Release|Any CPU
	EndGlobalSection
	GlobalSection(SolutionProperties) = preSolution
		HideSolutionNode = FALSE
	EndGlobalSection
	GlobalSection(ExtensibilityGlobals) = postSolution
		SolutionGuid = {19BF3CC6-236B-4D9D-B117-E83CBB4EC01B}
	EndGlobalSection
EndGlobal
