
Microsoft Visual Studio Solution File, Format Version 12.00
# Visual Studio 15
VisualStudioVersion = 15.0.26730.16
MinimumVisualStudioVersion = 10.0.40219.1
Project("{FAE04EC0-301F-11D3-BF4B-00C04F79EFBC}") = "ReviewV2", "ReviewV2\ReviewV2.csproj", "{9FB3A4F1-3EC2-4023-AE12-57BC36013980}"
EndProject
Global
	GlobalSection(SolutionConfigurationPlatforms) = preSolution
		Debug|Any CPU = Debug|Any CPU
		Release|Any CPU = Release|Any CPU
	EndGlobalSection
	GlobalSection(ProjectConfigurationPlatforms) = postSolution
		{9FB3A4F1-3EC2-4023-AE12-57BC36013980}.Debug|Any CPU.ActiveCfg = Debug|Any CPU
		{9FB3A4F1-3EC2-4023-AE12-57BC36013980}.Debug|Any CPU.Build.0 = Debug|Any CPU
		{9FB3A4F1-3EC2-4023-AE12-57BC36013980}.Release|Any CPU.ActiveCfg = Release|Any CPU
		{9FB3A4F1-3EC2-4023-AE12-57BC36013980}.Release|Any CPU.Build.0 = Release|Any CPU
	EndGlobalSection
	GlobalSection(SolutionProperties) = preSolution
		HideSolutionNode = FALSE
	EndGlobalSection
	GlobalSection(ExtensibilityGlobals) = postSolution
		SolutionGuid = {993EBC4F-0061-4B92-9279-36D70C89ACBC}
	EndGlobalSection
EndGlobal
